
Microsoft Visual Studio Solution File, Format Version 12.00
# Visual Studio Version 17
VisualStudioVersion = 17.5.002.0
MinimumVisualStudioVersion = 10.0.40219.1
Project("{9A19103F-16F7-4668-BE54-9A1E7A4F7556}") = "TradingBotApp", "TradingBotApp.csproj", "{AE387B36-E173-4418-9348-044D3AF83D40}"
EndProject
Global
	GlobalSection(SolutionConfigurationPlatforms) = preSolution
		Debug|Any CPU = Debug|Any CPU
		Release|Any CPU = Release|Any CPU
	EndGlobalSection
	GlobalSection(ProjectConfigurationPlatforms) = postSolution
		{AE387B36-E173-4418-9348-044D3AF83D40}.Debug|Any CPU.ActiveCfg = Debug|Any CPU
		{AE387B36-E173-4418-9348-044D3AF83D40}.Debug|Any CPU.Build.0 = Debug|Any CPU
		{AE387B36-E173-4418-9348-044D3AF83D40}.Release|Any CPU.ActiveCfg = Release|Any CPU
		{AE387B36-E173-4418-9348-044D3AF83D40}.Release|Any CPU.Build.0 = Release|Any CPU
	EndGlobalSection
	GlobalSection(SolutionProperties) = preSolution
		HideSolutionNode = FALSE
	EndGlobalSection
	GlobalSection(ExtensibilityGlobals) = postSolution
		SolutionGuid = {89A80CF4-E466-446C-9AD1-02C91B32E214}
	EndGlobalSection
EndGlobal
